
Microsoft Visual Studio Solution File, Format Version 12.00
# Visual Studio Version 17
VisualStudioVersion = 17.10.34707.107
MinimumVisualStudioVersion = 10.0.40219.1
Project("{9A19103F-16F7-4668-BE54-9A1E7A4F7556}") = "Celin.XL.Server", "Celin.XL.Server\Celin.XL.Server.csproj", "{2535ADBC-2713-413C-BAC0-5F810EDE35CE}"
EndProject
Project("{9A19103F-16F7-4668-BE54-9A1E7A4F7556}") = "Celin.Script", "..\Celin.Query\Celin.Script\Celin.Script.csproj", "{1AAD3F17-D19C-4842-A809-C429AD63922B}"
EndProject
Project("{9A19103F-16F7-4668-BE54-9A1E7A4F7556}") = "Celin.AIS", "..\Celin.AIS\Celin.AIS.csproj", "{498DBB8F-E031-4424-9714-F65552157269}"
EndProject
Project("{9A19103F-16F7-4668-BE54-9A1E7A4F7556}") = "Celin.Query", "..\Celin.Query\Celin.Query\Celin.Query.csproj", "{7A91A8AD-7FE0-4C0E-A26F-293FF8035A70}"
EndProject
Project("{9A19103F-16F7-4668-BE54-9A1E7A4F7556}") = "ScriptConsole", "ScriptConsole\ScriptConsole.csproj", "{74B0F92F-2678-4F24-80E4-E59C36B90586}"
EndProject
Project("{9A19103F-16F7-4668-BE54-9A1E7A4F7556}") = "Celin.Language", "Celin.Language\Celin.Language.csproj", "{2C9F9163-BAA7-43C0-AA24-215D29D8FF10}"
EndProject
Project("{9A19103F-16F7-4668-BE54-9A1E7A4F7556}") = "Celin.AIS.Data", "..\Celin.AIS.Data\Celin.AIS.Data.csproj", "{E4EC1E8E-DC0C-45C7-AC9B-CECB2BA26D68}"
EndProject
Project("{9A19103F-16F7-4668-BE54-9A1E7A4F7556}") = "Celin.AIS.Form", "..\Celin.AIS.Form\Celin.AIS.Form.csproj", "{68BFC6DB-39C4-438E-808E-BB6BB922E911}"
EndProject
Project("{9A19103F-16F7-4668-BE54-9A1E7A4F7556}") = "Celin.XL.Sharp", "Celin.XL.Sharp\Celin.XL.Sharp.csproj", "{7029BFB5-EA12-464A-BB7C-F8CD00961490}"
EndProject
Global
	GlobalSection(SolutionConfigurationPlatforms) = preSolution
		Debug|Any CPU = Debug|Any CPU
		Release|Any CPU = Release|Any CPU
	EndGlobalSection
	GlobalSection(ProjectConfigurationPlatforms) = postSolution
		{2535ADBC-2713-413C-BAC0-5F810EDE35CE}.Debug|Any CPU.ActiveCfg = Debug|Any CPU
		{2535ADBC-2713-413C-BAC0-5F810EDE35CE}.Debug|Any CPU.Build.0 = Debug|Any CPU
		{2535ADBC-2713-413C-BAC0-5F810EDE35CE}.Release|Any CPU.ActiveCfg = Release|Any CPU
		{2535ADBC-2713-413C-BAC0-5F810EDE35CE}.Release|Any CPU.Build.0 = Release|Any CPU
		{1AAD3F17-D19C-4842-A809-C429AD63922B}.Debug|Any CPU.ActiveCfg = Debug|Any CPU
		{1AAD3F17-D19C-4842-A809-C429AD63922B}.Debug|Any CPU.Build.0 = Debug|Any CPU
		{1AAD3F17-D19C-4842-A809-C429AD63922B}.Release|Any CPU.ActiveCfg = Release|Any CPU
		{1AAD3F17-D19C-4842-A809-C429AD63922B}.Release|Any CPU.Build.0 = Release|Any CPU
		{498DBB8F-E031-4424-9714-F65552157269}.Debug|Any CPU.ActiveCfg = Debug|Any CPU
		{498DBB8F-E031-4424-9714-F65552157269}.Debug|Any CPU.Build.0 = Debug|Any CPU
		{498DBB8F-E031-4424-9714-F65552157269}.Release|Any CPU.ActiveCfg = Release|Any CPU
		{498DBB8F-E031-4424-9714-F65552157269}.Release|Any CPU.Build.0 = Release|Any CPU
		{7A91A8AD-7FE0-4C0E-A26F-293FF8035A70}.Debug|Any CPU.ActiveCfg = Debug|Any CPU
		{7A91A8AD-7FE0-4C0E-A26F-293FF8035A70}.Debug|Any CPU.Build.0 = Debug|Any CPU
		{7A91A8AD-7FE0-4C0E-A26F-293FF8035A70}.Release|Any CPU.ActiveCfg = Release|Any CPU
		{7A91A8AD-7FE0-4C0E-A26F-293FF8035A70}.Release|Any CPU.Build.0 = Release|Any CPU
		{74B0F92F-2678-4F24-80E4-E59C36B90586}.Debug|Any CPU.ActiveCfg = Debug|Any CPU
		{74B0F92F-2678-4F24-80E4-E59C36B90586}.Debug|Any CPU.Build.0 = Debug|Any CPU
		{74B0F92F-2678-4F24-80E4-E59C36B90586}.Release|Any CPU.ActiveCfg = Release|Any CPU
		{74B0F92F-2678-4F24-80E4-E59C36B90586}.Release|Any CPU.Build.0 = Release|Any CPU
		{2C9F9163-BAA7-43C0-AA24-215D29D8FF10}.Debug|Any CPU.ActiveCfg = Debug|Any CPU
		{2C9F9163-BAA7-43C0-AA24-215D29D8FF10}.Debug|Any CPU.Build.0 = Debug|Any CPU
		{2C9F9163-BAA7-43C0-AA24-215D29D8FF10}.Release|Any CPU.ActiveCfg = Release|Any CPU
		{2C9F9163-BAA7-43C0-AA24-215D29D8FF10}.Release|Any CPU.Build.0 = Release|Any CPU
		{E4EC1E8E-DC0C-45C7-AC9B-CECB2BA26D68}.Debug|Any CPU.ActiveCfg = Debug|Any CPU
		{E4EC1E8E-DC0C-45C7-AC9B-CECB2BA26D68}.Debug|Any CPU.Build.0 = Debug|Any CPU
		{E4EC1E8E-DC0C-45C7-AC9B-CECB2BA26D68}.Release|Any CPU.ActiveCfg = Release|Any CPU
		{E4EC1E8E-DC0C-45C7-AC9B-CECB2BA26D68}.Release|Any CPU.Build.0 = Release|Any CPU
		{68BFC6DB-39C4-438E-808E-BB6BB922E911}.Debug|Any CPU.ActiveCfg = Debug|Any CPU
		{68BFC6DB-39C4-438E-808E-BB6BB922E911}.Debug|Any CPU.Build.0 = Debug|Any CPU
		{68BFC6DB-39C4-438E-808E-BB6BB922E911}.Release|Any CPU.ActiveCfg = Release|Any CPU
		{68BFC6DB-39C4-438E-808E-BB6BB922E911}.Release|Any CPU.Build.0 = Release|Any CPU
		{7029BFB5-EA12-464A-BB7C-F8CD00961490}.Debug|Any CPU.ActiveCfg = Debug|Any CPU
		{7029BFB5-EA12-464A-BB7C-F8CD00961490}.Debug|Any CPU.Build.0 = Debug|Any CPU
		{7029BFB5-EA12-464A-BB7C-F8CD00961490}.Release|Any CPU.ActiveCfg = Release|Any CPU
		{7029BFB5-EA12-464A-BB7C-F8CD00961490}.Release|Any CPU.Build.0 = Release|Any CPU
	EndGlobalSection
	GlobalSection(SolutionProperties) = preSolution
		HideSolutionNode = FALSE
	EndGlobalSection
	GlobalSection(ExtensibilityGlobals) = postSolution
		SolutionGuid = {E33CFFA1-7A93-4BE2-ACCF-E941DEE9C787}
	EndGlobalSection
EndGlobal
