
Microsoft Visual Studio Solution File, Format Version 12.00
# Visual Studio Version 17
VisualStudioVersion = 17.5.002.0
MinimumVisualStudioVersion = 10.0.40219.1
Project("{9A19103F-16F7-4668-BE54-9A1E7A4F7556}") = "Celin.XL.CSharp", "Celin.XL.CSharp.csproj", "{D3E0B2F3-298A-4E68-AD27-3DC80492A46F}"
EndProject
Global
	GlobalSection(SolutionConfigurationPlatforms) = preSolution
		Debug|Any CPU = Debug|Any CPU
		Release|Any CPU = Release|Any CPU
	EndGlobalSection
	GlobalSection(ProjectConfigurationPlatforms) = postSolution
		{D3E0B2F3-298A-4E68-AD27-3DC80492A46F}.Debug|Any CPU.ActiveCfg = Debug|Any CPU
		{D3E0B2F3-298A-4E68-AD27-3DC80492A46F}.Debug|Any CPU.Build.0 = Debug|Any CPU
		{D3E0B2F3-298A-4E68-AD27-3DC80492A46F}.Release|Any CPU.ActiveCfg = Release|Any CPU
		{D3E0B2F3-298A-4E68-AD27-3DC80492A46F}.Release|Any CPU.Build.0 = Release|Any CPU
	EndGlobalSection
	GlobalSection(SolutionProperties) = preSolution
		HideSolutionNode = FALSE
	EndGlobalSection
	GlobalSection(ExtensibilityGlobals) = postSolution
		SolutionGuid = {93221201-A6FC-4831-88C5-FA4A1B7A2247}
	EndGlobalSection
EndGlobal
